// !$*UTF8*$!
{
	archiveVersion = 1;
	classes = {
	};
	objectVersion = 46;
	objects = {

/* Begin PBXBuildFile section */
		E9D817FF19B2E1E4001581CA /* AppDelegate.swift in Sources */ = {isa = PBXBuildFile; fileRef = E9D817FE19B2E1E4001581CA /* AppDelegate.swift */; };
		E9D8180119B2E1E4001581CA /* ViewController.swift in Sources */ = {isa = PBXBuildFile; fileRef = E9D8180019B2E1E4001581CA /* ViewController.swift */; };
		E9D8180419B2E1E4001581CA /* Main.storyboard in Resources */ = {isa = PBXBuildFile; fileRef = E9D8180219B2E1E4001581CA /* Main.storyboard */; };
		E9D8180619B2E1E4001581CA /* Images.xcassets in Resources */ = {isa = PBXBuildFile; fileRef = E9D8180519B2E1E4001581CA /* Images.xcassets */; };
		E9D8181219B2E1E4001581CA /* Todo_BookTests.swift in Sources */ = {isa = PBXBuildFile; fileRef = E9D8181119B2E1E4001581CA /* Todo_BookTests.swift */; };
/* End PBXBuildFile section */

/* Begin PBXContainerItemProxy section */
		E9D8180C19B2E1E4001581CA /* PBXContainerItemProxy */ = {
			isa = PBXContainerItemProxy;
			containerPortal = E9D817F119B2E1E4001581CA /* Project object */;
			proxyType = 1;
			remoteGlobalIDString = E9D817F819B2E1E4001581CA;
			remoteInfo = "Todo Book";
		};
/* End PBXContainerItemProxy section */

/* Begin PBXFileReference section */
		E9D817F919B2E1E4001581CA /* Todo Book.app */ = {isa = PBXFileReference; explicitFileType = wrapper.application; includeInIndex = 0; path = "Todo Book.app"; sourceTree = BUILT_PRODUCTS_DIR; };
		E9D817FD19B2E1E4001581CA /* Info.plist */ = {isa = PBXFileReference; lastKnownFileType = text.plist.xml; path = Info.plist; sourceTree = "<group>"; };
		E9D817FE19B2E1E4001581CA /* AppDelegate.swift */ = {isa = PBXFileReference; lastKnownFileType = sourcecode.swift; path = AppDelegate.swift; sourceTree = "<group>"; };
		E9D8180019B2E1E4001581CA /* ViewController.swift */ = {isa = PBXFileReference; lastKnownFileType = sourcecode.swift; path = ViewController.swift; sourceTree = "<group>"; };
		E9D8180319B2E1E4001581CA /* Base */ = {isa = PBXFileReference; lastKnownFileType = file.storyboard; name = Base; path = Base.lproj/Main.storyboard; sourceTree = "<group>"; };
		E9D8180519B2E1E4001581CA /* Images.xcassets */ = {isa = PBXFileReference; lastKnownFileType = folder.assetcatalog; path = Images.xcassets; sourceTree = "<group>"; };
		E9D8180B19B2E1E4001581CA /* Todo BookTests.xctest */ = {isa = PBXFileReference; explicitFileType = wrapper.cfbundle; includeInIndex = 0; path = "Todo BookTests.xctest"; sourceTree = BUILT_PRODUCTS_DIR; };
		E9D8181019B2E1E4001581CA /* Info.plist */ = {isa = PBXFileReference; lastKnownFileType = text.plist.xml; path = Info.plist; sourceTree = "<group>"; };
		E9D8181119B2E1E4001581CA /* Todo_BookTests.swift */ = {isa = PBXFileReference; lastKnownFileType = sourcecode.swift; path = Todo_BookTests.swift; sourceTree = "<group>"; };
/* End PBXFileReference section */

/* Begin PBXFrameworksBuildPhase section */
		E9D817F619B2E1E4001581CA /* Frameworks */ = {
			isa = PBXFrameworksBuildPhase;
			buildActionMask = 2147483647;
			files = (
			);
			runOnlyForDeploymentPostprocessing = 0;
		};
		E9D8180819B2E1E4001581CA /* Frameworks */ = {
			isa = PBXFrameworksBuildPhase;
			buildActionMask = 2147483647;
			files = (
			);
			runOnlyForDeploymentPostprocessing = 0;
		};
/* End PBXFrameworksBuildPhase section */

/* Begin PBXGroup section */
		E9D817F019B2E1E4001581CA = {
			isa = PBXGroup;
			children = (
				E9D817FB19B2E1E4001581CA /* Todo Book */,
				E9D8180E19B2E1E4001581CA /* Todo BookTests */,
				E9D817FA19B2E1E4001581CA /* Products */,
			);
			sourceTree = "<group>";
		};
		E9D817FA19B2E1E4001581CA /* Products */ = {
			isa = PBXGroup;
			children = (
				E9D817F919B2E1E4001581CA /* Todo Book.app */,
				E9D8180B19B2E1E4001581CA /* Todo BookTests.xctest */,
			);
			name = Products;
			sourceTree = "<group>";
		};
		E9D817FB19B2E1E4001581CA /* Todo Book */ = {
			isa = PBXGroup;
			children = (
				E9D817FE19B2E1E4001581CA /* AppDelegate.swift */,
				E9D8180019B2E1E4001581CA /* ViewController.swift */,
				E9D8180219B2E1E4001581CA /* Main.storyboard */,
				E9D8180519B2E1E4001581CA /* Images.xcassets */,
				E9D817FC19B2E1E4001581CA /* Supporting Files */,
			);
			path = "Todo Book";
			sourceTree = "<group>";
		};
		E9D817FC19B2E1E4001581CA /* Supporting Files */ = {
			isa = PBXGroup;
			children = (
				E9D817FD19B2E1E4001581CA /* Info.plist */,
			);
			name = "Supporting Files";
			sourceTree = "<group>";
		};
		E9D8180E19B2E1E4001581CA /* Todo BookTests */ = {
			isa = PBXGroup;
			children = (
				E9D8181119B2E1E4001581CA /* Todo_BookTests.swift */,
				E9D8180F19B2E1E4001581CA /* Supporting Files */,
			);
			path = "Todo BookTests";
			sourceTree = "<group>";
		};
		E9D8180F19B2E1E4001581CA /* Supporting Files */ = {
			isa = PBXGroup;
			children = (
				E9D8181019B2E1E4001581CA /* Info.plist */,
			);
			name = "Supporting Files";
			sourceTree = "<group>";
		};
/* End PBXGroup section */

/* Begin PBXNativeTarget section */
		E9D817F819B2E1E4001581CA /* Todo Book */ = {
			isa = PBXNativeTarget;
			buildConfigurationList = E9D8181519B2E1E4001581CA /* Build configuration list for PBXNativeTarget "Todo Book" */;
			buildPhases = (
				E9D817F519B2E1E4001581CA /* Sources */,
				E9D817F619B2E1E4001581CA /* Frameworks */,
				E9D817F719B2E1E4001581CA /* Resources */,
			);
			buildRules = (
			);
			dependencies = (
			);
			name = "Todo Book";
			productName = "Todo Book";
			productReference = E9D817F919B2E1E4001581CA /* Todo Book.app */;
			productType = "com.apple.product-type.application";
		};
		E9D8180A19B2E1E4001581CA /* Todo BookTests */ = {
			isa = PBXNativeTarget;
			buildConfigurationList = E9D8181819B2E1E4001581CA /* Build configuration list for PBXNativeTarget "Todo BookTests" */;
			buildPhases = (
				E9D8180719B2E1E4001581CA /* Sources */,
				E9D8180819B2E1E4001581CA /* Frameworks */,
				E9D8180919B2E1E4001581CA /* Resources */,
			);
			buildRules = (
			);
			dependencies = (
				E9D8180D19B2E1E4001581CA /* PBXTargetDependency */,
			);
			name = "Todo BookTests";
			productName = "Todo BookTests";
			productReference = E9D8180B19B2E1E4001581CA /* Todo BookTests.xctest */;
			productType = "com.apple.product-type.bundle.unit-test";
		};
/* End PBXNativeTarget section */

/* Begin PBXProject section */
		E9D817F119B2E1E4001581CA /* Project object */ = {
			isa = PBXProject;
			attributes = {
				LastUpgradeCheck = 0600;
				ORGANIZATIONNAME = jzhone;
				TargetAttributes = {
					E9D817F819B2E1E4001581CA = {
						CreatedOnToolsVersion = 6.0;
					};
					E9D8180A19B2E1E4001581CA = {
						CreatedOnToolsVersion = 6.0;
						TestTargetID = E9D817F819B2E1E4001581CA;
					};
				};
			};
			buildConfigurationList = E9D817F419B2E1E4001581CA /* Build configuration list for PBXProject "Todo Book" */;
			compatibilityVersion = "Xcode 3.2";
			developmentRegion = English;
			hasScannedForEncodings = 0;
			knownRegions = (
				en,
				Base,
			);
			mainGroup = E9D817F019B2E1E4001581CA;
			productRefGroup = E9D817FA19B2E1E4001581CA /* Products */;
			projectDirPath = "";
			projectRoot = "";
			targets = (
				E9D817F819B2E1E4001581CA /* Todo Book */,
				E9D8180A19B2E1E4001581CA /* Todo BookTests */,
			);
		};
/* End PBXProject section */

/* Begin PBXResourcesBuildPhase section */
		E9D817F719B2E1E4001581CA /* Resources */ = {
			isa = PBXResourcesBuildPhase;
			buildActionMask = 2147483647;
			files = (
				E9D8180419B2E1E4001581CA /* Main.storyboard in Resources */,
				E9D8180619B2E1E4001581CA /* Images.xcassets in Resources */,
			);
			runOnlyForDeploymentPostprocessing = 0;
		};
		E9D8180919B2E1E4001581CA /* Resources */ = {
			isa = PBXResourcesBuildPhase;
			buildActionMask = 2147483647;
			files = (
			);
			runOnlyForDeploymentPostprocessing = 0;
		};
/* End PBXResourcesBuildPhase section */

/* Begin PBXSourcesBuildPhase section */
		E9D817F519B2E1E4001581CA /* Sources */ = {
			isa = PBXSourcesBuildPhase;
			buildActionMask = 2147483647;
			files = (
				E9D8180119B2E1E4001581CA /* ViewController.swift in Sources */,
				E9D817FF19B2E1E4001581CA /* AppDelegate.swift in Sources */,
			);
			runOnlyForDeploymentPostprocessing = 0;
		};
		E9D8180719B2E1E4001581CA /* Sources */ = {
			isa = PBXSourcesBuildPhase;
			buildActionMask = 2147483647;
			files = (
				E9D8181219B2E1E4001581CA /* Todo_BookTests.swift in Sources */,
			);
			runOnlyForDeploymentPostprocessing = 0;
		};
/* End PBXSourcesBuildPhase section */

/* Begin PBXTargetDependency section */
		E9D8180D19B2E1E4001581CA /* PBXTargetDependency */ = {
			isa = PBXTargetDependency;
			target = E9D817F819B2E1E4001581CA /* Todo Book */;
			targetProxy = E9D8180C19B2E1E4001581CA /* PBXContainerItemProxy */;
		};
/* End PBXTargetDependency section */

/* Begin PBXVariantGroup section */
		E9D8180219B2E1E4001581CA /* Main.storyboard */ = {
			isa = PBXVariantGroup;
			children = (
				E9D8180319B2E1E4001581CA /* Base */,
			);
			name = Main.storyboard;
			sourceTree = "<group>";
		};
/* End PBXVariantGroup section */

/* Begin XCBuildConfiguration section */
		E9D8181319B2E1E4001581CA /* Debug */ = {
			isa = XCBuildConfiguration;
			buildSettings = {
				ALWAYS_SEARCH_USER_PATHS = NO;
				CLANG_CXX_LANGUAGE_STANDARD = "gnu++0x";
				CLANG_CXX_LIBRARY = "libc++";
				CLANG_ENABLE_MODULES = YES;
				CLANG_ENABLE_OBJC_ARC = YES;
				CLANG_WARN_BOOL_CONVERSION = YES;
				CLANG_WARN_CONSTANT_CONVERSION = YES;
				CLANG_WARN_DIRECT_OBJC_ISA_USAGE = YES_ERROR;
				CLANG_WARN_EMPTY_BODY = YES;
				CLANG_WARN_ENUM_CONVERSION = YES;
				CLANG_WARN_INT_CONVERSION = YES;
				CLANG_WARN_OBJC_ROOT_CLASS = YES_ERROR;
				CLANG_WARN_UNREACHABLE_CODE = YES;
				CLANG_WARN__DUPLICATE_METHOD_MATCH = YES;
				"CODE_SIGN_IDENTITY[sdk=iphoneos*]" = "iPhone Developer";
				COPY_PHASE_STRIP = NO;
				ENABLE_STRICT_OBJC_MSGSEND = YES;
				GCC_C_LANGUAGE_STANDARD = gnu99;
				GCC_DYNAMIC_NO_PIC = NO;
				GCC_OPTIMIZATION_LEVEL = 0;
				GCC_PREPROCESSOR_DEFINITIONS = (
					"DEBUG=1",
					"$(inherited)",
				);
				GCC_SYMBOLS_PRIVATE_EXTERN = NO;
				GCC_WARN_64_TO_32_BIT_CONVERSION = YES;
				GCC_WARN_ABOUT_RETURN_TYPE = YES_ERROR;
				GCC_WARN_UNDECLARED_SELECTOR = YES;
				GCC_WARN_UNINITIALIZED_AUTOS = YES_AGGRESSIVE;
				GCC_WARN_UNUSED_FUNCTION = YES;
				GCC_WARN_UNUSED_VARIABLE = YES;
				IPHONEOS_DEPLOYMENT_TARGET = 8.0;
				MTL_ENABLE_DEBUG_INFO = YES;
				ONLY_ACTIVE_ARCH = YES;
				SDKROOT = iphoneos;
				SWIFT_OPTIMIZATION_LEVEL = "-Onone";
			};
			name = Debug;
		};
		E9D8181419B2E1E4001581CA /* Release */ = {
			isa = XCBuildConfiguration;
			buildSettings = {
				ALWAYS_SEARCH_USER_PATHS = NO;
				CLANG_CXX_LANGUAGE_STANDARD = "gnu++0x";
				CLANG_CXX_LIBRARY = "libc++";
				CLANG_ENABLE_MODULES = YES;
				CLANG_ENABLE_OBJC_ARC = YES;
				CLANG_WARN_BOOL_CONVERSION = YES;
				CLANG_WARN_CONSTANT_CONVERSION = YES;
				CLANG_WARN_DIRECT_OBJC_ISA_USAGE = YES_ERROR;
				CLANG_WARN_EMPTY_BODY = YES;
				CLANG_WARN_ENUM_CONVERSION = YES;
				CLANG_WARN_INT_CONVERSION = YES;
				CLANG_WARN_OBJC_ROOT_CLASS = YES_ERROR;
				CLANG_WARN_UNREACHABLE_CODE = YES;
				CLANG_WARN__DUPLICATE_METHOD_MATCH = YES;
				"CODE_SIGN_IDENTITY[sdk=iphoneos*]" = "iPhone Developer";
				COPY_PHASE_STRIP = YES;
				ENABLE_NS_ASSERTIONS = NO;
				ENABLE_STRICT_OBJC_MSGSEND = YES;
				GCC_C_LANGUAGE_STANDARD = gnu99;
				GCC_WARN_64_TO_32_BIT_CONVERSION = YES;
				GCC_WARN_ABOUT_RETURN_TYPE = YES_ERROR;
				GCC_WARN_UNDECLARED_SELECTOR = YES;
				GCC_WARN_UNINITIALIZED_AUTOS = YES_AGGRESSIVE;
				GCC_WARN_UNUSED_FUNCTION = YES;
				GCC_WARN_UNUSED_VARIABLE = YES;
				IPHONEOS_DEPLOYMENT_TARGET = 8.0;
				MTL_ENABLE_DEBUG_INFO = NO;
				SDKROOT = iphoneos;
				VALIDATE_PRODUCT = YES;
			};
			name = Release;
		};
		E9D8181619B2E1E4001581CA /* Debug */ = {
			isa = XCBuildConfiguration;
			buildSettings = {
				ASSETCATALOG_COMPILER_APPICON_NAME = AppIcon;
				ASSETCATALOG_COMPILER_LAUNCHIMAGE_NAME = LaunchImage;
				INFOPLIST_FILE = "Todo Book/Info.plist";
				LD_RUNPATH_SEARCH_PATHS = "$(inherited) @executable_path/Frameworks";
				PRODUCT_NAME = "$(TARGET_NAME)";
			};
			name = Debug;
		};
		E9D8181719B2E1E4001581CA /* Release */ = {
			isa = XCBuildConfiguration;
			buildSettings = {
				ASSETCATALOG_COMPILER_APPICON_NAME = AppIcon;
				ASSETCATALOG_COMPILER_LAUNCHIMAGE_NAME = LaunchImage;
				INFOPLIST_FILE = "Todo Book/Info.plist";
				LD_RUNPATH_SEARCH_PATHS = "$(inherited) @executable_path/Frameworks";
				PRODUCT_NAME = "$(TARGET_NAME)";
			};
			name = Release;
		};
		E9D8181919B2E1E4001581CA /* Debug */ = {
			isa = XCBuildConfiguration;
			buildSettings = {
				BUNDLE_LOADER = "$(TEST_HOST)";
				FRAMEWORK_SEARCH_PATHS = (
					"$(SDKROOT)/Developer/Library/Frameworks",
					"$(inherited)",
				);
				GCC_PREPROCESSOR_DEFINITIONS = (
					"DEBUG=1",
					"$(inherited)",
				);
				INFOPLIST_FILE = "Todo BookTests/Info.plist";
				LD_RUNPATH_SEARCH_PATHS = "$(inherited) @executable_path/Frameworks @loader_path/Frameworks";
				PRODUCT_NAME = "$(TARGET_NAME)";
				TEST_HOST = "$(BUILT_PRODUCTS_DIR)/Todo Book.app/Todo Book";
			};
			name = Debug;
		};
		E9D8181A19B2E1E4001581CA /* Release */ = {
			isa = XCBuildConfiguration;
			buildSettings = {
				BUNDLE_LOADER = "$(TEST_HOST)";
				FRAMEWORK_SEARCH_PATHS = (
					"$(SDKROOT)/Developer/Library/Frameworks",
					"$(inherited)",
				);
				INFOPLIST_FILE = "Todo BookTests/Info.plist";
				LD_RUNPATH_SEARCH_PATHS = "$(inherited) @executable_path/Frameworks @loader_path/Frameworks";
				PRODUCT_NAME = "$(TARGET_NAME)";
				TEST_HOST = "$(BUILT_PRODUCTS_DIR)/Todo Book.app/Todo Book";
			};
			name = Release;
		};
/* End XCBuildConfiguration section */

/* Begin XCConfigurationList section */
		E9D817F419B2E1E4001581CA /* Build configuration list for PBXProject "Todo Book" */ = {
			isa = XCConfigurationList;
			buildConfigurations = (
				E9D8181319B2E1E4001581CA /* Debug */,
				E9D8181419B2E1E4001581CA /* Release */,
			);
			defaultConfigurationIsVisible = 0;
			defaultConfigurationName = Release;
		};
		E9D8181519B2E1E4001581CA /* Build configuration list for PBXNativeTarget "Todo Book" */ = {
			isa = XCConfigurationList;
			buildConfigurations = (
				E9D8181619B2E1E4001581CA /* Debug */,
				E9D8181719B2E1E4001581CA /* Release */,
			);
			defaultConfigurationIsVisible = 0;
		};
		E9D8181819B2E1E4001581CA /* Build configuration list for PBXNativeTarget "Todo BookTests" */ = {
			isa = XCConfigurationList;
			buildConfigurations = (
				E9D8181919B2E1E4001581CA /* Debug */,
				E9D8181A19B2E1E4001581CA /* Release */,
			);
			defaultConfigurationIsVisible = 0;
		};
/* End XCConfigurationList section */
	};
	rootObject = E9D817F119B2E1E4001581CA /* Project object */;
}
